
Microsoft Visual Studio Solution File, Format Version 12.00
# Visual Studio 14
VisualStudioVersion = 14.0.23107.0
MinimumVisualStudioVersion = 10.0.40219.1
Project("{FAE04EC0-301F-11D3-BF4B-00C04F79EFBC}") = "NewtonMethodLogik", "NewtonMethodLogik\NewtonMethodLogik.csproj", "{C187A419-C6C6-4907-90CA-564ACB881A53}"
EndProject
Project("{FAE04EC0-301F-11D3-BF4B-00C04F79EFBC}") = "ConsoleAppRootFinding", "ConsoleAppRootFinding\ConsoleAppRootFinding.csproj", "{31518853-3C56-45B4-96B4-758E73651783}"
EndProject
Project("{FAE04EC0-301F-11D3-BF4B-00C04F79EFBC}") = "NewtonMethodLogik.Tests", "NewtonMethodLogik.Tests\NewtonMethodLogik.Tests.csproj", "{05B50E87-EACD-4D07-A6C6-5F0DD5AB3A52}"
EndProject
Global
	GlobalSection(SolutionConfigurationPlatforms) = preSolution
		Debug|Any CPU = Debug|Any CPU
		Release|Any CPU = Release|Any CPU
	EndGlobalSection
	GlobalSection(ProjectConfigurationPlatforms) = postSolution
		{C187A419-C6C6-4907-90CA-564ACB881A53}.Debug|Any CPU.ActiveCfg = Debug|Any CPU
		{C187A419-C6C6-4907-90CA-564ACB881A53}.Debug|Any CPU.Build.0 = Debug|Any CPU
		{C187A419-C6C6-4907-90CA-564ACB881A53}.Release|Any CPU.ActiveCfg = Release|Any CPU
		{C187A419-C6C6-4907-90CA-564ACB881A53}.Release|Any CPU.Build.0 = Release|Any CPU
		{31518853-3C56-45B4-96B4-758E73651783}.Debug|Any CPU.ActiveCfg = Debug|Any CPU
		{31518853-3C56-45B4-96B4-758E73651783}.Debug|Any CPU.Build.0 = Debug|Any CPU
		{31518853-3C56-45B4-96B4-758E73651783}.Release|Any CPU.ActiveCfg = Release|Any CPU
		{31518853-3C56-45B4-96B4-758E73651783}.Release|Any CPU.Build.0 = Release|Any CPU
		{05B50E87-EACD-4D07-A6C6-5F0DD5AB3A52}.Debug|Any CPU.ActiveCfg = Debug|Any CPU
		{05B50E87-EACD-4D07-A6C6-5F0DD5AB3A52}.Debug|Any CPU.Build.0 = Debug|Any CPU
		{05B50E87-EACD-4D07-A6C6-5F0DD5AB3A52}.Release|Any CPU.ActiveCfg = Release|Any CPU
		{05B50E87-EACD-4D07-A6C6-5F0DD5AB3A52}.Release|Any CPU.Build.0 = Release|Any CPU
	EndGlobalSection
	GlobalSection(SolutionProperties) = preSolution
		HideSolutionNode = FALSE
	EndGlobalSection
EndGlobal
